Microsoft Visual Studio Solution File, Format Version 12.00
# Visual Studio 2012
Project("{FAE04EC0-301F-11D3-BF4B-00C04F79EFBC}") = "Terriflux", "Terriflux.csproj", "{61F40637-46AC-4122-AE9E-0E4C1E7EDE98}"
EndProject
Global
	GlobalSection(SolutionConfigurationPlatforms) = preSolution
	Debug|Any CPU = Debug|Any CPU
	ExportDebug|Any CPU = ExportDebug|Any CPU
	ExportRelease|Any CPU = ExportRelease|Any CPU
	EndGlobalSection
	GlobalSection(ProjectConfigurationPlatforms) = postSolution
		{61F40637-46AC-4122-AE9E-0E4C1E7EDE98}.Debug|Any CPU.ActiveCfg = Debug|Any CPU
		{61F40637-46AC-4122-AE9E-0E4C1E7EDE98}.Debug|Any CPU.Build.0 = Debug|Any CPU
		{61F40637-46AC-4122-AE9E-0E4C1E7EDE98}.ExportDebug|Any CPU.ActiveCfg = ExportDebug|Any CPU
		{61F40637-46AC-4122-AE9E-0E4C1E7EDE98}.ExportDebug|Any CPU.Build.0 = ExportDebug|Any CPU
		{61F40637-46AC-4122-AE9E-0E4C1E7EDE98}.ExportRelease|Any CPU.ActiveCfg = ExportRelease|Any CPU
		{61F40637-46AC-4122-AE9E-0E4C1E7EDE98}.ExportRelease|Any CPU.Build.0 = ExportRelease|Any CPU
	EndGlobalSection
EndGlobal
